
Microsoft Visual Studio Solution File, Format Version 12.00
# Visual Studio Version 16
VisualStudioVersion = 16.0.30523.141
MinimumVisualStudioVersion = 10.0.40219.1
Project("{F184B08F-C81C-45F6-A57F-5ABD9991F28F}") = "WindFormsTest", "WindFormsTest\WindFormsTest.vbproj", "{FFFC4052-B61D-4811-86FB-3FAE40E5DC94}"
EndProject
Global
	GlobalSection(SolutionConfigurationPlatforms) = preSolution
		Debug|Any CPU = Debug|Any CPU
		Release|Any CPU = Release|Any CPU
	EndGlobalSection
	GlobalSection(ProjectConfigurationPlatforms) = postSolution
		{FFFC4052-B61D-4811-86FB-3FAE40E5DC94}.Debug|Any CPU.ActiveCfg = Debug|Any CPU
		{FFFC4052-B61D-4811-86FB-3FAE40E5DC94}.Debug|Any CPU.Build.0 = Debug|Any CPU
		{FFFC4052-B61D-4811-86FB-3FAE40E5DC94}.Release|Any CPU.ActiveCfg = Release|Any CPU
		{FFFC4052-B61D-4811-86FB-3FAE40E5DC94}.Release|Any CPU.Build.0 = Release|Any CPU
	EndGlobalSection
	GlobalSection(SolutionProperties) = preSolution
		HideSolutionNode = FALSE
	EndGlobalSection
	GlobalSection(ExtensibilityGlobals) = postSolution
		SolutionGuid = {9C019938-10F3-4785-B555-60D71EEE09B7}
	EndGlobalSection
EndGlobal
